github.com/go-sql-driver/mysql v0.0.0-20161129053045-4ac31a97ccff h1:mdxIsqPgJ6XjyowJu/MulD5hlrM4OYeFf2DlhZpSzLs=
github.com/go-sql-driver/mysql v0.0.0-20161129053045-4ac31a97ccff/go.mod h1:zAC/RDZ24gD3HViQzih4MyKcchzm+sOG5ZlKdlhCg5w=
github.com/gorilla/context v1.1.1 h1:AWwleXJkX/nhcU9bZSnZoi3h/qGYqQAGhq6zZe/aQW8=
github.com/gorilla/context v1.1.1/go.mod h1:kBGZzfjB9CEq2AlWe17Uuf7NDRt0dE0s8S51q0aT7Yg=
github.com/gorilla/mux v0.0.0-20160816184630-cf79e51a62d8 h1:I8uk/hpK+5UVhrha/fbkkMLN2PwwklRyEOYg0hQugHo=
github.com/gorilla/mux v0.0.0-20160816184630-cf79e51a62d8/go.mod h1:1lud6UwP+6orDFRuTfBEV8e9/aOM/c4fVVCaMa2zaAs=
